{
    "name": "demo-media",
    "version": "0.1.0",
    "lockfileVersion": 2,
    "requires": true,
    "packages": {
        "": {
            "name": "demo-media",
            "version": "0.1.0",
            "dependencies": {
                "@fortawesome/fontawesome-svg-core": "^6.4.0",
                "@fortawesome/free-solid-svg-icons": "^6.4.0",
                "@fortawesome/react-fontawesome": "^0.2.0",
                "@types/node": "18.16.3",
                "@types/react": "18.2.0",
                "@types/react-dom": "18.2.1",
                "classnames": "^2.3.2",
                "next": "13.3.4",
                "react": "18.2.0",
                "react-dom": "18.2.0",
                "sha1": "^1.1.1",
                "typescript": "5.0.4",
                "uuid": "^9.0.0"
            },
            "devDependencies": {
                "@types/sha1": "^1.1.3",
                "@types/uuid": "^9.0.1",
                "dprint": "^0.36.1"
            }
        },
        "node_modules/@fortawesome/fontawesome-common-types": {
            "version": "6.4.0",
            "resolved": "https://registry.npmjs.org/@fortawesome/fontawesome-common-types/-/fontawesome-common-types-6.4.0.tgz",
            "integrity": "sha512-HNii132xfomg5QVZw0HwXXpN22s7VBHQBv9CeOu9tfJnhsWQNd2lmTNi8CSrnw5B+5YOmzu1UoPAyxaXsJ6RgQ==",
            "hasInstallScript": true,
            "engines": {
                "node": ">=6"
            }
        },
        "node_modules/@fortawesome/fontawesome-svg-core": {
            "version": "6.4.0",
            "resolved": "https://registry.npmjs.org/@fortawesome/fontawesome-svg-core/-/fontawesome-svg-core-6.4.0.tgz",
            "integrity": "sha512-Bertv8xOiVELz5raB2FlXDPKt+m94MQ3JgDfsVbrqNpLU9+UE2E18GKjLKw+d3XbeYPqg1pzyQKGsrzbw+pPaw==",
            "hasInstallScript": true,
            "dependencies": {
                "@fortawesome/fontawesome-common-types": "6.4.0"
            },
            "engines": {
                "node": ">=6"
            }
        },
        "node_modules/@fortawesome/free-solid-svg-icons": {
            "version": "6.4.0",
            "resolved": "https://registry.npmjs.org/@fortawesome/free-solid-svg-icons/-/free-solid-svg-icons-6.4.0.tgz",
            "integrity": "sha512-kutPeRGWm8V5dltFP1zGjQOEAzaLZj4StdQhWVZnfGFCvAPVvHh8qk5bRrU4KXnRRRNni5tKQI9PBAdI6MP8nQ==",
            "hasInstallScript": true,
            "dependencies": {
                "@fortawesome/fontawesome-common-types": "6.4.0"
            },
            "engines": {
                "node": ">=6"
            }
        },
        "node_modules/@fortawesome/react-fontawesome": {
            "version": "0.2.0",
            "resolved": "https://registry.npmjs.org/@fortawesome/react-fontawesome/-/react-fontawesome-0.2.0.tgz",
            "integrity": "sha512-uHg75Rb/XORTtVt7OS9WoK8uM276Ufi7gCzshVWkUJbHhh3svsUUeqXerrM96Wm7fRiDzfKRwSoahhMIkGAYHw==",
            "dependencies": {
                "prop-types": "^15.8.1"
            },
            "peerDependencies": {
                "@fortawesome/fontawesome-svg-core": "~1 || ~6",
                "react": ">=16.3"
            }
        },
        "node_modules/@next/env": {
            "version": "13.3.4",
            "resolved": "https://registry.npmjs.org/@next/env/-/env-13.3.4.tgz",
            "integrity": "sha512-oTK/wRV2qga86m/4VdrR1+/56UA6U1Qv3sIgowB+bZjahniZLEG5BmmQjfoGv7ZuLXBZ8Eec6hkL9BqJcrEL2g=="
        },
        "node_modules/@next/swc-darwin-arm64": {
            "version": "13.3.4",
            "resolved": "https://registry.npmjs.org/@next/swc-darwin-arm64/-/swc-darwin-arm64-13.3.4.tgz",
            "integrity": "sha512-vux7RWfzxy1lD21CMwZsy9Ej+0+LZdIIj1gEhVmzOQqQZ5N56h8JamrjIVCfDL+Lpj8KwOmFZbPHE8qaYnL2pg==",
            "cpu": [
                "arm64"
            ],
            "optional": true,
            "os": [
                "darwin"
            ],
            "engines": {
                "node": ">= 10"
            }
        },
        "node_modules/@next/swc-darwin-x64": {
            "version": "13.3.4",
            "resolved": "https://registry.npmjs.org/@next/swc-darwin-x64/-/swc-darwin-x64-13.3.4.tgz",
            "integrity": "sha512-1tb+6JT98+t7UIhVQpKL7zegKnCs9RKU6cKNyj+DYKuC/NVl49/JaIlmwCwK8Ibl+RXxJrK7uSXSIO71feXsgw==",
            "cpu": [
                "x64"
            ],
            "optional": true,
            "os": [
                "darwin"
            ],
            "engines": {
                "node": ">= 10"
            }
        },
        "node_modules/@next/swc-linux-arm64-gnu": {
            "version": "13.3.4",
            "resolved": "https://registry.npmjs.org/@next/swc-linux-arm64-gnu/-/swc-linux-arm64-gnu-13.3.4.tgz",
            "integrity": "sha512-UqcKkYTKslf5YAJNtZ5XV1D5MQJIkVtDHL8OehDZERHzqOe7jvy41HFto33IDPPU8gJiP5eJb3V9U26uifqHjw==",
            "cpu": [
                "arm64"
            ],
            "optional": true,
            "os": [
                "linux"
            ],
            "engines": {
                "node": ">= 10"
            }
        },
        "node_modules/@next/swc-linux-arm64-musl": {
            "version": "13.3.4",
            "resolved": "https://registry.npmjs.org/@next/swc-linux-arm64-musl/-/swc-linux-arm64-musl-13.3.4.tgz",
            "integrity": "sha512-HE/FmE8VvstAfehyo/XsrhGgz97cEr7uf9IfkgJ/unqSXE0CDshDn/4as6rRid74eDR8/exi7c2tdo49Tuqxrw==",
            "cpu": [
                "arm64"
            ],
            "optional": true,
            "os": [
                "linux"
            ],
            "engines": {
                "node": ">= 10"
            }
        },
        "node_modules/@next/swc-linux-x64-gnu": {
            "version": "13.3.4",
            "resolved": "https://registry.npmjs.org/@next/swc-linux-x64-gnu/-/swc-linux-x64-gnu-13.3.4.tgz",
            "integrity": "sha512-xU+ugaupGA4SL5aK1ZYEqVHrW3TPOhxVcpaJLfpANm2443J4GfxCmOacu9XcSgy5c51Mq7C9uZ1LODKHfZosRQ==",
            "cpu": [
                "x64"
            ],
            "optional": true,
            "os": [
                "linux"
            ],
            "engines": {
                "node": ">= 10"
            }
        },
        "node_modules/@next/swc-linux-x64-musl": {
            "version": "13.3.4",
            "resolved": "https://registry.npmjs.org/@next/swc-linux-x64-musl/-/swc-linux-x64-musl-13.3.4.tgz",
            "integrity": "sha512-cZvmf5KcYeTfIK6bCypfmxGUjme53Ep7hx94JJtGrYgCA1VwEuYdh+KouubJaQCH3aqnNE7+zGnVEupEKfoaaA==",
            "cpu": [
                "x64"
            ],
            "optional": true,
            "os": [
                "linux"
            ],
            "engines": {
                "node": ">= 10"
            }
        },
        "node_modules/@next/swc-win32-arm64-msvc": {
            "version": "13.3.4",
            "resolved": "https://registry.npmjs.org/@next/swc-win32-arm64-msvc/-/swc-win32-arm64-msvc-13.3.4.tgz",
            "integrity": "sha512-7dL+CAUAjmgnVbjXPIpdj7/AQKFqEUL3bKtaOIE1JzJ5UMHHAXCPwzQtibrsvQpf9MwcAmiv8aburD3xH1xf8w==",
            "cpu": [
                "arm64"
            ],
            "optional": true,
            "os": [
                "win32"
            ],
            "engines": {
                "node": ">= 10"
            }
        },
        "node_modules/@next/swc-win32-ia32-msvc": {
            "version": "13.3.4",
            "resolved": "https://registry.npmjs.org/@next/swc-win32-ia32-msvc/-/swc-win32-ia32-msvc-13.3.4.tgz",
            "integrity": "sha512-qplTyzEl1vPkS+/DRK3pKSL0HeXrPHkYsV7U6gboHYpfqoHY+bcLUj3gwVUa9PEHRIoq4vXvPzx/WtzE6q52ng==",
            "cpu": [
                "ia32"
            ],
            "optional": true,
            "os": [
                "win32"
            ],
            "engines": {
                "node": ">= 10"
            }
        },
        "node_modules/@next/swc-win32-x64-msvc": {
            "version": "13.3.4",
            "resolved": "https://registry.npmjs.org/@next/swc-win32-x64-msvc/-/swc-win32-x64-msvc-13.3.4.tgz",
            "integrity": "sha512-usdvZT7JHrTuXC+4OKN5mCzUkviFkCyJJTkEz8jhBpucg+T7s83e7owm3oNFzmj5iKfvxU2St6VkcnSgpFvEYA==",
            "cpu": [
                "x64"
            ],
            "optional": true,
            "os": [
                "win32"
            ],
            "engines": {
                "node": ">= 10"
            }
        },
        "node_modules/@swc/helpers": {
            "version": "0.5.1",
            "resolved": "https://registry.npmjs.org/@swc/helpers/-/helpers-0.5.1.tgz",
            "integrity": "sha512-sJ902EfIzn1Fa+qYmjdQqh8tPsoxyBz+8yBKC2HKUxyezKJFwPGOn7pv4WY6QuQW//ySQi5lJjA/ZT9sNWWNTg==",
            "dependencies": {
                "tslib": "^2.4.0"
            }
        },
        "node_modules/@types/node": {
            "version": "18.16.3",
            "resolved": "https://registry.npmjs.org/@types/node/-/node-18.16.3.tgz",
            "integrity": "sha512-OPs5WnnT1xkCBiuQrZA4+YAV4HEJejmHneyraIaxsbev5yCEr6KMwINNFP9wQeFIw8FWcoTqF3vQsa5CDaI+8Q=="
        },
        "node_modules/@types/prop-types": {
            "version": "15.7.5",
            "resolved": "https://registry.npmjs.org/@types/prop-types/-/prop-types-15.7.5.tgz",
            "integrity": "sha512-JCB8C6SnDoQf0cNycqd/35A7MjcnK+ZTqE7judS6o7utxUCg6imJg3QK2qzHKszlTjcj2cn+NwMB2i96ubpj7w=="
        },
        "node_modules/@types/react": {
            "version": "18.2.0",
            "resolved": "https://registry.npmjs.org/@types/react/-/react-18.2.0.tgz",
            "integrity": "sha512-0FLj93y5USLHdnhIhABk83rm8XEGA7kH3cr+YUlvxoUGp1xNt/DINUMvqPxLyOQMzLmZe8i4RTHbvb8MC7NmrA==",
            "dependencies": {
                "@types/prop-types": "*",
                "@types/scheduler": "*",
                "csstype": "^3.0.2"
            }
        },
        "node_modules/@types/react-dom": {
            "version": "18.2.1",
            "resolved": "https://registry.npmjs.org/@types/react-dom/-/react-dom-18.2.1.tgz",
            "integrity": "sha512-8QZEV9+Kwy7tXFmjJrp3XUKQSs9LTnE0KnoUb0YCguWBiNW0Yfb2iBMYZ08WPg35IR6P3Z0s00B15SwZnO26+w==",
            "dependencies": {
                "@types/react": "*"
            }
        },
        "node_modules/@types/scheduler": {
            "version": "0.16.3",
            "resolved": "https://registry.npmjs.org/@types/scheduler/-/scheduler-0.16.3.tgz",
            "integrity": "sha512-5cJ8CB4yAx7BH1oMvdU0Jh9lrEXyPkar6F9G/ERswkCuvP4KQZfZkSjcMbAICCpQTN4OuZn8tz0HiKv9TGZgrQ=="
        },
        "node_modules/@types/sha1": {
            "version": "1.1.3",
            "resolved": "https://registry.npmjs.org/@types/sha1/-/sha1-1.1.3.tgz",
            "integrity": "sha512-bXfx/6xrPu1l6pLItGRMPX00lhnJavpj2qiQeLHflXvL2Ix97aC8FTF2/pQoqukRzcCwKyN3csZvOLzamIoaSA==",
            "dev": true,
            "dependencies": {
                "@types/node": "*"
            }
        },
        "node_modules/@types/uuid": {
            "version": "9.0.1",
            "resolved": "https://registry.npmjs.org/@types/uuid/-/uuid-9.0.1.tgz",
            "integrity": "sha512-rFT3ak0/2trgvp4yYZo5iKFEPsET7vKydKF+VRCxlQ9bpheehyAJH89dAkaLEq/j/RZXJIqcgsmPJKUP1Z28HA==",
            "dev": true
        },
        "node_modules/agent-base": {
            "version": "6.0.2",
            "resolved": "https://registry.npmjs.org/agent-base/-/agent-base-6.0.2.tgz",
            "integrity": "sha512-RZNwNclF7+MS/8bDg70amg32dyeZGZxiDuQmZxKLAlQjr3jGyLx+4Kkk58UO7D2QdgFIQCovuSuZESne6RG6XQ==",
            "dev": true,
            "dependencies": {
                "debug": "4"
            },
            "engines": {
                "node": ">= 6.0.0"
            }
        },
        "node_modules/buffer-crc32": {
            "version": "0.2.13",
            "resolved": "https://registry.npmjs.org/buffer-crc32/-/buffer-crc32-0.2.13.tgz",
            "integrity": "sha512-VO9Ht/+p3SN7SKWqcrgEzjGbRSJYTx+Q1pTQC0wrWqHx0vpJraQ6GtHx8tvcg1rlK1byhU5gccxgOgj7B0TDkQ==",
            "dev": true,
            "engines": {
                "node": "*"
            }
        },
        "node_modules/busboy": {
            "version": "1.6.0",
            "resolved": "https://registry.npmjs.org/busboy/-/busboy-1.6.0.tgz",
            "integrity": "sha512-8SFQbg/0hQ9xy3UNTB0YEnsNBbWfhf7RtnzpL7TkBiTBRfrQ9Fxcnz7VJsleJpyp6rVLvXiuORqjlHi5q+PYuA==",
            "dependencies": {
                "streamsearch": "^1.1.0"
            },
            "engines": {
                "node": ">=10.16.0"
            }
        },
        "node_modules/caniuse-lite": {
            "version": "1.0.30001482",
            "resolved": "https://registry.npmjs.org/caniuse-lite/-/caniuse-lite-1.0.30001482.tgz",
            "integrity": "sha512-F1ZInsg53cegyjroxLNW9DmrEQ1SuGRTO1QlpA0o2/6OpQ0gFeDRoq1yFmnr8Sakn9qwwt9DmbxHB6w167OSuQ==",
            "funding": [
                {
                    "type": "opencollective",
                    "url": "https://opencollective.com/browserslist"
                },
                {
                    "type": "tidelift",
                    "url": "https://tidelift.com/funding/github/npm/caniuse-lite"
                },
                {
                    "type": "github",
                    "url": "https://github.com/sponsors/ai"
                }
            ]
        },
        "node_modules/charenc": {
            "version": "0.0.2",
            "resolved": "https://registry.npmjs.org/charenc/-/charenc-0.0.2.tgz",
            "integrity": "sha512-yrLQ/yVUFXkzg7EDQsPieE/53+0RlaWTs+wBrvW36cyilJ2SaDWfl4Yj7MtLTXleV9uEKefbAGUPv2/iWSooRA==",
            "engines": {
                "node": "*"
            }
        },
        "node_modules/classnames": {
            "version": "2.3.2",
            "resolved": "https://registry.npmjs.org/classnames/-/classnames-2.3.2.tgz",
            "integrity": "sha512-CSbhY4cFEJRe6/GQzIk5qXZ4Jeg5pcsP7b5peFSDpffpe1cqjASH/n9UTjBwOp6XpMSTwQ8Za2K5V02ueA7Tmw=="
        },
        "node_modules/client-only": {
            "version": "0.0.1",
            "resolved": "https://registry.npmjs.org/client-only/-/client-only-0.0.1.tgz",
            "integrity": "sha512-IV3Ou0jSMzZrd3pZ48nLkT9DA7Ag1pnPzaiQhpW7c3RbcqqzvzzVu+L8gfqMp/8IM2MQtSiqaCxrrcfu8I8rMA=="
        },
        "node_modules/crypt": {
            "version": "0.0.2",
            "resolved": "https://registry.npmjs.org/crypt/-/crypt-0.0.2.tgz",
            "integrity": "sha512-mCxBlsHFYh9C+HVpiEacem8FEBnMXgU9gy4zmNC+SXAZNB/1idgp/aulFJ4FgCi7GPEVbfyng092GqL2k2rmow==",
            "engines": {
                "node": "*"
            }
        },
        "node_modules/csstype": {
            "version": "3.1.2",
            "resolved": "https://registry.npmjs.org/csstype/-/csstype-3.1.2.tgz",
            "integrity": "sha512-I7K1Uu0MBPzaFKg4nI5Q7Vs2t+3gWWW648spaF+Rg7pI9ds18Ugn+lvg4SHczUdKlHI5LWBXyqfS8+DufyBsgQ=="
        },
        "node_modules/debug": {
            "version": "4.3.4",
            "resolved": "https://registry.npmjs.org/debug/-/debug-4.3.4.tgz",
            "integrity": "sha512-PRWFHuSU3eDtQJPvnNY7Jcket1j0t5OuOsFzPPzsekD52Zl8qUfFIPEiswXqIvHWGVHOgX+7G/vCNNhehwxfkQ==",
            "dev": true,
            "dependencies": {
                "ms": "2.1.2"
            },
            "engines": {
                "node": ">=6.0"
            },
            "peerDependenciesMeta": {
                "supports-color": {
                    "optional": true
                }
            }
        },
        "node_modules/dprint": {
            "version": "0.36.1",
            "resolved": "https://registry.npmjs.org/dprint/-/dprint-0.36.1.tgz",
            "integrity": "sha512-F8TaWlieYtJc4ktqr0tjNwg/HN4wNPTU6rTq29MdoIKXi9gQmh7Ibqr0oyW1hsLpqBuAXjjwEYIos9plYkwENQ==",
            "dev": true,
            "hasInstallScript": true,
            "dependencies": {
                "https-proxy-agent": "=5.0.1",
                "yauzl": "=2.10.0"
            },
            "bin": {
                "dprint": "bin.js"
            }
        },
        "node_modules/fd-slicer": {
            "version": "1.1.0",
            "resolved": "https://registry.npmjs.org/fd-slicer/-/fd-slicer-1.1.0.tgz",
            "integrity": "sha512-cE1qsB/VwyQozZ+q1dGxR8LBYNZeofhEdUNGSMbQD3Gw2lAzX9Zb3uIU6Ebc/Fmyjo9AWWfnn0AUCHqtevs/8g==",
            "dev": true,
            "dependencies": {
                "pend": "~1.2.0"
            }
        },
        "node_modules/https-proxy-agent": {
            "version": "5.0.1",
            "resolved": "https://registry.npmjs.org/https-proxy-agent/-/https-proxy-agent-5.0.1.tgz",
            "integrity": "sha512-dFcAjpTQFgoLMzC2VwU+C/CbS7uRL0lWmxDITmqm7C+7F0Odmj6s9l6alZc6AELXhrnggM2CeWSXHGOdX2YtwA==",
            "dev": true,
            "dependencies": {
                "agent-base": "6",
                "debug": "4"
            },
            "engines": {
                "node": ">= 6"
            }
        },
        "node_modules/js-tokens": {
            "version": "4.0.0",
            "resolved": "https://registry.npmjs.org/js-tokens/-/js-tokens-4.0.0.tgz",
            "integrity": "sha512-RdJUflcE3cUzKiMqQgsCu06FPu9UdIJO0beYbPhHN4k6apgJtifcoCtT9bcxOpYBtpD2kCM6Sbzg4CausW/PKQ=="
        },
        "node_modules/loose-envify": {
            "version": "1.4.0",
            "resolved": "https://registry.npmjs.org/loose-envify/-/loose-envify-1.4.0.tgz",
            "integrity": "sha512-lyuxPGr/Wfhrlem2CL/UcnUc1zcqKAImBDzukY7Y5F/yQiNdko6+fRLevlw1HgMySw7f611UIY408EtxRSoK3Q==",
            "dependencies": {
                "js-tokens": "^3.0.0 || ^4.0.0"
            },
            "bin": {
                "loose-envify": "cli.js"
            }
        },
        "node_modules/ms": {
            "version": "2.1.2",
            "resolved": "https://registry.npmjs.org/ms/-/ms-2.1.2.tgz",
            "integrity": "sha512-sGkPx+VjMtmA6MX27oA4FBFELFCZZ4S4XqeGOXCv68tT+jb3vk/RyaKWP0PTKyWtmLSM0b+adUTEvbs1PEaH2w==",
            "dev": true
        },
        "node_modules/nanoid": {
            "version": "3.3.6",
            "resolved": "https://registry.npmjs.org/nanoid/-/nanoid-3.3.6.tgz",
            "integrity": "sha512-BGcqMMJuToF7i1rt+2PWSNVnWIkGCU78jBG3RxO/bZlnZPK2Cmi2QaffxGO/2RvWi9sL+FAiRiXMgsyxQ1DIDA==",
            "funding": [
                {
                    "type": "github",
                    "url": "https://github.com/sponsors/ai"
                }
            ],
            "bin": {
                "nanoid": "bin/nanoid.cjs"
            },
            "engines": {
                "node": "^10 || ^12 || ^13.7 || ^14 || >=15.0.1"
            }
        },
        "node_modules/next": {
            "version": "13.3.4",
            "resolved": "https://registry.npmjs.org/next/-/next-13.3.4.tgz",
            "integrity": "sha512-sod7HeokBSvH5QV0KB+pXeLfcXUlLrGnVUXxHpmhilQ+nQYT3Im2O8DswD5e4uqbR8Pvdu9pcWgb1CbXZQZlmQ==",
            "dependencies": {
                "@next/env": "13.3.4",
                "@swc/helpers": "0.5.1",
                "busboy": "1.6.0",
                "caniuse-lite": "^1.0.30001406",
                "postcss": "8.4.14",
                "styled-jsx": "5.1.1"
            },
            "bin": {
                "next": "dist/bin/next"
            },
            "engines": {
                "node": ">=16.8.0"
            },
            "optionalDependencies": {
                "@next/swc-darwin-arm64": "13.3.4",
                "@next/swc-darwin-x64": "13.3.4",
                "@next/swc-linux-arm64-gnu": "13.3.4",
                "@next/swc-linux-arm64-musl": "13.3.4",
                "@next/swc-linux-x64-gnu": "13.3.4",
                "@next/swc-linux-x64-musl": "13.3.4",
                "@next/swc-win32-arm64-msvc": "13.3.4",
                "@next/swc-win32-ia32-msvc": "13.3.4",
                "@next/swc-win32-x64-msvc": "13.3.4"
            },
            "peerDependencies": {
                "@opentelemetry/api": "^1.1.0",
                "fibers": ">= 3.1.0",
                "node-sass": "^6.0.0 || ^7.0.0",
                "react": "^18.2.0",
                "react-dom": "^18.2.0",
                "sass": "^1.3.0"
            },
            "peerDependenciesMeta": {
                "@opentelemetry/api": {
                    "optional": true
                },
                "fibers": {
                    "optional": true
                },
                "node-sass": {
                    "optional": true
                },
                "sass": {
                    "optional": true
                }
            }
        },
        "node_modules/object-assign": {
            "version": "4.1.1",
            "resolved": "https://registry.npmjs.org/object-assign/-/object-assign-4.1.1.tgz",
            "integrity": "sha512-rJgTQnkUnH1sFw8yT6VSU3zD3sWmu6sZhIseY8VX+GRu3P6F7Fu+JNDoXfklElbLJSnc3FUQHVe4cU5hj+BcUg==",
            "engines": {
                "node": ">=0.10.0"
            }
        },
        "node_modules/pend": {
            "version": "1.2.0",
            "resolved": "https://registry.npmjs.org/pend/-/pend-1.2.0.tgz",
            "integrity": "sha512-F3asv42UuXchdzt+xXqfW1OGlVBe+mxa2mqI0pg5yAHZPvFmY3Y6drSf/GQ1A86WgWEN9Kzh/WrgKa6iGcHXLg==",
            "dev": true
        },
        "node_modules/picocolors": {
            "version": "1.0.0",
            "resolved": "https://registry.npmjs.org/picocolors/-/picocolors-1.0.0.tgz",
            "integrity": "sha512-1fygroTLlHu66zi26VoTDv8yRgm0Fccecssto+MhsZ0D/DGW2sm8E8AjW7NU5VVTRt5GxbeZ5qBuJr+HyLYkjQ=="
        },
        "node_modules/postcss": {
            "version": "8.4.14",
            "resolved": "https://registry.npmjs.org/postcss/-/postcss-8.4.14.tgz",
            "integrity": "sha512-E398TUmfAYFPBSdzgeieK2Y1+1cpdxJx8yXbK/m57nRhKSmk1GB2tO4lbLBtlkfPQTDKfe4Xqv1ASWPpayPEig==",
            "funding": [
                {
                    "type": "opencollective",
                    "url": "https://opencollective.com/postcss/"
                },
                {
                    "type": "tidelift",
                    "url": "https://tidelift.com/funding/github/npm/postcss"
                }
            ],
            "dependencies": {
                "nanoid": "^3.3.4",
                "picocolors": "^1.0.0",
                "source-map-js": "^1.0.2"
            },
            "engines": {
                "node": "^10 || ^12 || >=14"
            }
        },
        "node_modules/prop-types": {
            "version": "15.8.1",
            "resolved": "https://registry.npmjs.org/prop-types/-/prop-types-15.8.1.tgz",
            "integrity": "sha512-oj87CgZICdulUohogVAR7AjlC0327U4el4L6eAvOqCeudMDVU0NThNaV+b9Df4dXgSP1gXMTnPdhfe/2qDH5cg==",
            "dependencies": {
                "loose-envify": "^1.4.0",
                "object-assign": "^4.1.1",
                "react-is": "^16.13.1"
            }
        },
        "node_modules/react": {
            "version": "18.2.0",
            "resolved": "https://registry.npmjs.org/react/-/react-18.2.0.tgz",
            "integrity": "sha512-/3IjMdb2L9QbBdWiW5e3P2/npwMBaU9mHCSCUzNln0ZCYbcfTsGbTJrU/kGemdH2IWmB2ioZ+zkxtmq6g09fGQ==",
            "dependencies": {
                "loose-envify": "^1.1.0"
            },
            "engines": {
                "node": ">=0.10.0"
            }
        },
        "node_modules/react-dom": {
            "version": "18.2.0",
            "resolved": "https://registry.npmjs.org/react-dom/-/react-dom-18.2.0.tgz",
            "integrity": "sha512-6IMTriUmvsjHUjNtEDudZfuDQUoWXVxKHhlEGSk81n4YFS+r/Kl99wXiwlVXtPBtJenozv2P+hxDsw9eA7Xo6g==",
            "dependencies": {
                "loose-envify": "^1.1.0",
                "scheduler": "^0.23.0"
            },
            "peerDependencies": {
                "react": "^18.2.0"
            }
        },
        "node_modules/react-is": {
            "version": "16.13.1",
            "resolved": "https://registry.npmjs.org/react-is/-/react-is-16.13.1.tgz",
            "integrity": "sha512-24e6ynE2H+OKt4kqsOvNd8kBpV65zoxbA4BVsEOB3ARVWQki/DHzaUoC5KuON/BiccDaCCTZBuOcfZs70kR8bQ=="
        },
        "node_modules/scheduler": {
            "version": "0.23.0",
            "resolved": "https://registry.npmjs.org/scheduler/-/scheduler-0.23.0.tgz",
            "integrity": "sha512-CtuThmgHNg7zIZWAXi3AsyIzA3n4xx7aNyjwC2VJldO2LMVDhFK+63xGqq6CsJH4rTAt6/M+N4GhZiDYPx9eUw==",
            "dependencies": {
                "loose-envify": "^1.1.0"
            }
        },
        "node_modules/sha1": {
            "version": "1.1.1",
            "resolved": "https://registry.npmjs.org/sha1/-/sha1-1.1.1.tgz",
            "integrity": "sha512-dZBS6OrMjtgVkopB1Gmo4RQCDKiZsqcpAQpkV/aaj+FCrCg8r4I4qMkDPQjBgLIxlmu9k4nUbWq6ohXahOneYA==",
            "dependencies": {
                "charenc": ">= 0.0.1",
                "crypt": ">= 0.0.1"
            },
            "engines": {
                "node": "*"
            }
        },
        "node_modules/source-map-js": {
            "version": "1.0.2",
            "resolved": "https://registry.npmjs.org/source-map-js/-/source-map-js-1.0.2.tgz",
            "integrity": "sha512-R0XvVJ9WusLiqTCEiGCmICCMplcCkIwwR11mOSD9CR5u+IXYdiseeEuXCVAjS54zqwkLcPNnmU4OeJ6tUrWhDw==",
            "engines": {
                "node": ">=0.10.0"
            }
        },
        "node_modules/streamsearch": {
            "version": "1.1.0",
            "resolved": "https://registry.npmjs.org/streamsearch/-/streamsearch-1.1.0.tgz",
            "integrity": "sha512-Mcc5wHehp9aXz1ax6bZUyY5afg9u2rv5cqQI3mRrYkGC8rW2hM02jWuwjtL++LS5qinSyhj2QfLyNsuc+VsExg==",
            "engines": {
                "node": ">=10.0.0"
            }
        },
        "node_modules/styled-jsx": {
            "version": "5.1.1",
            "resolved": "https://registry.npmjs.org/styled-jsx/-/styled-jsx-5.1.1.tgz",
            "integrity": "sha512-pW7uC1l4mBZ8ugbiZrcIsiIvVx1UmTfw7UkC3Um2tmfUq9Bhk8IiyEIPl6F8agHgjzku6j0xQEZbfA5uSgSaCw==",
            "dependencies": {
                "client-only": "0.0.1"
            },
            "engines": {
                "node": ">= 12.0.0"
            },
            "peerDependencies": {
                "react": ">= 16.8.0 || 17.x.x || ^18.0.0-0"
            },
            "peerDependenciesMeta": {
                "@babel/core": {
                    "optional": true
                },
                "babel-plugin-macros": {
                    "optional": true
                }
            }
        },
        "node_modules/tslib": {
            "version": "2.5.0",
            "resolved": "https://registry.npmjs.org/tslib/-/tslib-2.5.0.tgz",
            "integrity": "sha512-336iVw3rtn2BUK7ORdIAHTyxHGRIHVReokCR3XjbckJMK7ms8FysBfhLR8IXnAgy7T0PTPNBWKiH514FOW/WSg=="
        },
        "node_modules/typescript": {
            "version": "5.0.4",
            "resolved": "https://registry.npmjs.org/typescript/-/typescript-5.0.4.tgz",
            "integrity": "sha512-cW9T5W9xY37cc+jfEnaUvX91foxtHkza3Nw3wkoF4sSlKn0MONdkdEndig/qPBWXNkmplh3NzayQzCiHM4/hqw==",
            "bin": {
                "tsc": "bin/tsc",
                "tsserver": "bin/tsserver"
            },
            "engines": {
                "node": ">=12.20"
            }
        },
        "node_modules/uuid": {
            "version": "9.0.0",
            "resolved": "https://registry.npmjs.org/uuid/-/uuid-9.0.0.tgz",
            "integrity": "sha512-MXcSTerfPa4uqyzStbRoTgt5XIe3x5+42+q1sDuy3R5MDk66URdLMOZe5aPX/SQd+kuYAh0FdP/pO28IkQyTeg==",
            "bin": {
                "uuid": "dist/bin/uuid"
            }
        },
        "node_modules/yauzl": {
            "version": "2.10.0",
            "resolved": "https://registry.npmjs.org/yauzl/-/yauzl-2.10.0.tgz",
            "integrity": "sha512-p4a9I6X6nu6IhoGmBqAcbJy1mlC4j27vEPZX9F4L4/vZT3Lyq1VkFHw/V/PUcB9Buo+DG3iHkT0x3Qya58zc3g==",
            "dev": true,
            "dependencies": {
                "buffer-crc32": "~0.2.3",
                "fd-slicer": "~1.1.0"
            }
        }
    },
    "dependencies": {
        "@fortawesome/fontawesome-common-types": {
            "version": "6.4.0",
            "resolved": "https://registry.npmjs.org/@fortawesome/fontawesome-common-types/-/fontawesome-common-types-6.4.0.tgz",
            "integrity": "sha512-HNii132xfomg5QVZw0HwXXpN22s7VBHQBv9CeOu9tfJnhsWQNd2lmTNi8CSrnw5B+5YOmzu1UoPAyxaXsJ6RgQ=="
        },
        "@fortawesome/fontawesome-svg-core": {
            "version": "6.4.0",
            "resolved": "https://registry.npmjs.org/@fortawesome/fontawesome-svg-core/-/fontawesome-svg-core-6.4.0.tgz",
            "integrity": "sha512-Bertv8xOiVELz5raB2FlXDPKt+m94MQ3JgDfsVbrqNpLU9+UE2E18GKjLKw+d3XbeYPqg1pzyQKGsrzbw+pPaw==",
            "requires": {
                "@fortawesome/fontawesome-common-types": "6.4.0"
            }
        },
        "@fortawesome/free-solid-svg-icons": {
            "version": "6.4.0",
            "resolved": "https://registry.npmjs.org/@fortawesome/free-solid-svg-icons/-/free-solid-svg-icons-6.4.0.tgz",
            "integrity": "sha512-kutPeRGWm8V5dltFP1zGjQOEAzaLZj4StdQhWVZnfGFCvAPVvHh8qk5bRrU4KXnRRRNni5tKQI9PBAdI6MP8nQ==",
            "requires": {
                "@fortawesome/fontawesome-common-types": "6.4.0"
            }
        },
        "@fortawesome/react-fontawesome": {
            "version": "0.2.0",
            "resolved": "https://registry.npmjs.org/@fortawesome/react-fontawesome/-/react-fontawesome-0.2.0.tgz",
            "integrity": "sha512-uHg75Rb/XORTtVt7OS9WoK8uM276Ufi7gCzshVWkUJbHhh3svsUUeqXerrM96Wm7fRiDzfKRwSoahhMIkGAYHw==",
            "requires": {
                "prop-types": "^15.8.1"
            }
        },
        "@next/env": {
            "version": "13.3.4",
            "resolved": "https://registry.npmjs.org/@next/env/-/env-13.3.4.tgz",
            "integrity": "sha512-oTK/wRV2qga86m/4VdrR1+/56UA6U1Qv3sIgowB+bZjahniZLEG5BmmQjfoGv7ZuLXBZ8Eec6hkL9BqJcrEL2g=="
        },
        "@next/swc-darwin-arm64": {
            "version": "13.3.4",
            "resolved": "https://registry.npmjs.org/@next/swc-darwin-arm64/-/swc-darwin-arm64-13.3.4.tgz",
            "integrity": "sha512-vux7RWfzxy1lD21CMwZsy9Ej+0+LZdIIj1gEhVmzOQqQZ5N56h8JamrjIVCfDL+Lpj8KwOmFZbPHE8qaYnL2pg==",
            "optional": true
        },
        "@next/swc-darwin-x64": {
            "version": "13.3.4",
            "resolved": "https://registry.npmjs.org/@next/swc-darwin-x64/-/swc-darwin-x64-13.3.4.tgz",
            "integrity": "sha512-1tb+6JT98+t7UIhVQpKL7zegKnCs9RKU6cKNyj+DYKuC/NVl49/JaIlmwCwK8Ibl+RXxJrK7uSXSIO71feXsgw==",
            "optional": true
        },
        "@next/swc-linux-arm64-gnu": {
            "version": "13.3.4",
            "resolved": "https://registry.npmjs.org/@next/swc-linux-arm64-gnu/-/swc-linux-arm64-gnu-13.3.4.tgz",
            "integrity": "sha512-UqcKkYTKslf5YAJNtZ5XV1D5MQJIkVtDHL8OehDZERHzqOe7jvy41HFto33IDPPU8gJiP5eJb3V9U26uifqHjw==",
            "optional": true
        },
        "@next/swc-linux-arm64-musl": {
            "version": "13.3.4",
            "resolved": "https://registry.npmjs.org/@next/swc-linux-arm64-musl/-/swc-linux-arm64-musl-13.3.4.tgz",
            "integrity": "sha512-HE/FmE8VvstAfehyo/XsrhGgz97cEr7uf9IfkgJ/unqSXE0CDshDn/4as6rRid74eDR8/exi7c2tdo49Tuqxrw==",
            "optional": true
        },
        "@next/swc-linux-x64-gnu": {
            "version": "13.3.4",
            "resolved": "https://registry.npmjs.org/@next/swc-linux-x64-gnu/-/swc-linux-x64-gnu-13.3.4.tgz",
            "integrity": "sha512-xU+ugaupGA4SL5aK1ZYEqVHrW3TPOhxVcpaJLfpANm2443J4GfxCmOacu9XcSgy5c51Mq7C9uZ1LODKHfZosRQ==",
            "optional": true
        },
        "@next/swc-linux-x64-musl": {
            "version": "13.3.4",
            "resolved": "https://registry.npmjs.org/@next/swc-linux-x64-musl/-/swc-linux-x64-musl-13.3.4.tgz",
            "integrity": "sha512-cZvmf5KcYeTfIK6bCypfmxGUjme53Ep7hx94JJtGrYgCA1VwEuYdh+KouubJaQCH3aqnNE7+zGnVEupEKfoaaA==",
            "optional": true
        },
        "@next/swc-win32-arm64-msvc": {
            "version": "13.3.4",
            "resolved": "https://registry.npmjs.org/@next/swc-win32-arm64-msvc/-/swc-win32-arm64-msvc-13.3.4.tgz",
            "integrity": "sha512-7dL+CAUAjmgnVbjXPIpdj7/AQKFqEUL3bKtaOIE1JzJ5UMHHAXCPwzQtibrsvQpf9MwcAmiv8aburD3xH1xf8w==",
            "optional": true
        },
        "@next/swc-win32-ia32-msvc": {
            "version": "13.3.4",
            "resolved": "https://registry.npmjs.org/@next/swc-win32-ia32-msvc/-/swc-win32-ia32-msvc-13.3.4.tgz",
            "integrity": "sha512-qplTyzEl1vPkS+/DRK3pKSL0HeXrPHkYsV7U6gboHYpfqoHY+bcLUj3gwVUa9PEHRIoq4vXvPzx/WtzE6q52ng==",
            "optional": true
        },
        "@next/swc-win32-x64-msvc": {
            "version": "13.3.4",
            "resolved": "https://registry.npmjs.org/@next/swc-win32-x64-msvc/-/swc-win32-x64-msvc-13.3.4.tgz",
            "integrity": "sha512-usdvZT7JHrTuXC+4OKN5mCzUkviFkCyJJTkEz8jhBpucg+T7s83e7owm3oNFzmj5iKfvxU2St6VkcnSgpFvEYA==",
            "optional": true
        },
        "@swc/helpers": {
            "version": "0.5.1",
            "resolved": "https://registry.npmjs.org/@swc/helpers/-/helpers-0.5.1.tgz",
            "integrity": "sha512-sJ902EfIzn1Fa+qYmjdQqh8tPsoxyBz+8yBKC2HKUxyezKJFwPGOn7pv4WY6QuQW//ySQi5lJjA/ZT9sNWWNTg==",
            "requires": {
                "tslib": "^2.4.0"
            }
        },
        "@types/node": {
            "version": "18.16.3",
            "resolved": "https://registry.npmjs.org/@types/node/-/node-18.16.3.tgz",
            "integrity": "sha512-OPs5WnnT1xkCBiuQrZA4+YAV4HEJejmHneyraIaxsbev5yCEr6KMwINNFP9wQeFIw8FWcoTqF3vQsa5CDaI+8Q=="
        },
        "@types/prop-types": {
            "version": "15.7.5",
            "resolved": "https://registry.npmjs.org/@types/prop-types/-/prop-types-15.7.5.tgz",
            "integrity": "sha512-JCB8C6SnDoQf0cNycqd/35A7MjcnK+ZTqE7judS6o7utxUCg6imJg3QK2qzHKszlTjcj2cn+NwMB2i96ubpj7w=="
        },
        "@types/react": {
            "version": "18.2.0",
            "resolved": "https://registry.npmjs.org/@types/react/-/react-18.2.0.tgz",
            "integrity": "sha512-0FLj93y5USLHdnhIhABk83rm8XEGA7kH3cr+YUlvxoUGp1xNt/DINUMvqPxLyOQMzLmZe8i4RTHbvb8MC7NmrA==",
            "requires": {
                "@types/prop-types": "*",
                "@types/scheduler": "*",
                "csstype": "^3.0.2"
            }
        },
        "@types/react-dom": {
            "version": "18.2.1",
            "resolved": "https://registry.npmjs.org/@types/react-dom/-/react-dom-18.2.1.tgz",
            "integrity": "sha512-8QZEV9+Kwy7tXFmjJrp3XUKQSs9LTnE0KnoUb0YCguWBiNW0Yfb2iBMYZ08WPg35IR6P3Z0s00B15SwZnO26+w==",
            "requires": {
                "@types/react": "*"
            }
        },
        "@types/scheduler": {
            "version": "0.16.3",
            "resolved": "https://registry.npmjs.org/@types/scheduler/-/scheduler-0.16.3.tgz",
            "integrity": "sha512-5cJ8CB4yAx7BH1oMvdU0Jh9lrEXyPkar6F9G/ERswkCuvP4KQZfZkSjcMbAICCpQTN4OuZn8tz0HiKv9TGZgrQ=="
        },
        "@types/sha1": {
            "version": "1.1.3",
            "resolved": "https://registry.npmjs.org/@types/sha1/-/sha1-1.1.3.tgz",
            "integrity": "sha512-bXfx/6xrPu1l6pLItGRMPX00lhnJavpj2qiQeLHflXvL2Ix97aC8FTF2/pQoqukRzcCwKyN3csZvOLzamIoaSA==",
            "dev": true,
            "requires": {
                "@types/node": "*"
            }
        },
        "@types/uuid": {
            "version": "9.0.1",
            "resolved": "https://registry.npmjs.org/@types/uuid/-/uuid-9.0.1.tgz",
            "integrity": "sha512-rFT3ak0/2trgvp4yYZo5iKFEPsET7vKydKF+VRCxlQ9bpheehyAJH89dAkaLEq/j/RZXJIqcgsmPJKUP1Z28HA==",
            "dev": true
        },
        "agent-base": {
            "version": "6.0.2",
            "resolved": "https://registry.npmjs.org/agent-base/-/agent-base-6.0.2.tgz",
            "integrity": "sha512-RZNwNclF7+MS/8bDg70amg32dyeZGZxiDuQmZxKLAlQjr3jGyLx+4Kkk58UO7D2QdgFIQCovuSuZESne6RG6XQ==",
            "dev": true,
            "requires": {
                "debug": "4"
            }
        },
        "buffer-crc32": {
            "version": "0.2.13",
            "resolved": "https://registry.npmjs.org/buffer-crc32/-/buffer-crc32-0.2.13.tgz",
            "integrity": "sha512-VO9Ht/+p3SN7SKWqcrgEzjGbRSJYTx+Q1pTQC0wrWqHx0vpJraQ6GtHx8tvcg1rlK1byhU5gccxgOgj7B0TDkQ==",
            "dev": true
        },
        "busboy": {
            "version": "1.6.0",
            "resolved": "https://registry.npmjs.org/busboy/-/busboy-1.6.0.tgz",
            "integrity": "sha512-8SFQbg/0hQ9xy3UNTB0YEnsNBbWfhf7RtnzpL7TkBiTBRfrQ9Fxcnz7VJsleJpyp6rVLvXiuORqjlHi5q+PYuA==",
            "requires": {
                "streamsearch": "^1.1.0"
            }
        },
        "caniuse-lite": {
            "version": "1.0.30001482",
            "resolved": "https://registry.npmjs.org/caniuse-lite/-/caniuse-lite-1.0.30001482.tgz",
            "integrity": "sha512-F1ZInsg53cegyjroxLNW9DmrEQ1SuGRTO1QlpA0o2/6OpQ0gFeDRoq1yFmnr8Sakn9qwwt9DmbxHB6w167OSuQ=="
        },
        "charenc": {
            "version": "0.0.2",
            "resolved": "https://registry.npmjs.org/charenc/-/charenc-0.0.2.tgz",
            "integrity": "sha512-yrLQ/yVUFXkzg7EDQsPieE/53+0RlaWTs+wBrvW36cyilJ2SaDWfl4Yj7MtLTXleV9uEKefbAGUPv2/iWSooRA=="
        },
        "classnames": {
            "version": "2.3.2",
            "resolved": "https://registry.npmjs.org/classnames/-/classnames-2.3.2.tgz",
            "integrity": "sha512-CSbhY4cFEJRe6/GQzIk5qXZ4Jeg5pcsP7b5peFSDpffpe1cqjASH/n9UTjBwOp6XpMSTwQ8Za2K5V02ueA7Tmw=="
        },
        "client-only": {
            "version": "0.0.1",
            "resolved": "https://registry.npmjs.org/client-only/-/client-only-0.0.1.tgz",
            "integrity": "sha512-IV3Ou0jSMzZrd3pZ48nLkT9DA7Ag1pnPzaiQhpW7c3RbcqqzvzzVu+L8gfqMp/8IM2MQtSiqaCxrrcfu8I8rMA=="
        },
        "crypt": {
            "version": "0.0.2",
            "resolved": "https://registry.npmjs.org/crypt/-/crypt-0.0.2.tgz",
            "integrity": "sha512-mCxBlsHFYh9C+HVpiEacem8FEBnMXgU9gy4zmNC+SXAZNB/1idgp/aulFJ4FgCi7GPEVbfyng092GqL2k2rmow=="
        },
        "csstype": {
            "version": "3.1.2",
            "resolved": "https://registry.npmjs.org/csstype/-/csstype-3.1.2.tgz",
            "integrity": "sha512-I7K1Uu0MBPzaFKg4nI5Q7Vs2t+3gWWW648spaF+Rg7pI9ds18Ugn+lvg4SHczUdKlHI5LWBXyqfS8+DufyBsgQ=="
        },
        "debug": {
            "version": "4.3.4",
            "resolved": "https://registry.npmjs.org/debug/-/debug-4.3.4.tgz",
            "integrity": "sha512-PRWFHuSU3eDtQJPvnNY7Jcket1j0t5OuOsFzPPzsekD52Zl8qUfFIPEiswXqIvHWGVHOgX+7G/vCNNhehwxfkQ==",
            "dev": true,
            "requires": {
                "ms": "2.1.2"
            }
        },
        "dprint": {
            "version": "0.36.1",
            "resolved": "https://registry.npmjs.org/dprint/-/dprint-0.36.1.tgz",
            "integrity": "sha512-F8TaWlieYtJc4ktqr0tjNwg/HN4wNPTU6rTq29MdoIKXi9gQmh7Ibqr0oyW1hsLpqBuAXjjwEYIos9plYkwENQ==",
            "dev": true,
            "requires": {
                "https-proxy-agent": "=5.0.1",
                "yauzl": "=2.10.0"
            }
        },
        "fd-slicer": {
            "version": "1.1.0",
            "resolved": "https://registry.npmjs.org/fd-slicer/-/fd-slicer-1.1.0.tgz",
            "integrity": "sha512-cE1qsB/VwyQozZ+q1dGxR8LBYNZeofhEdUNGSMbQD3Gw2lAzX9Zb3uIU6Ebc/Fmyjo9AWWfnn0AUCHqtevs/8g==",
            "dev": true,
            "requires": {
                "pend": "~1.2.0"
            }
        },
        "https-proxy-agent": {
            "version": "5.0.1",
            "resolved": "https://registry.npmjs.org/https-proxy-agent/-/https-proxy-agent-5.0.1.tgz",
            "integrity": "sha512-dFcAjpTQFgoLMzC2VwU+C/CbS7uRL0lWmxDITmqm7C+7F0Odmj6s9l6alZc6AELXhrnggM2CeWSXHGOdX2YtwA==",
            "dev": true,
            "requires": {
                "agent-base": "6",
                "debug": "4"
            }
        },
        "js-tokens": {
            "version": "4.0.0",
            "resolved": "https://registry.npmjs.org/js-tokens/-/js-tokens-4.0.0.tgz",
            "integrity": "sha512-RdJUflcE3cUzKiMqQgsCu06FPu9UdIJO0beYbPhHN4k6apgJtifcoCtT9bcxOpYBtpD2kCM6Sbzg4CausW/PKQ=="
        },
        "loose-envify": {
            "version": "1.4.0",
            "resolved": "https://registry.npmjs.org/loose-envify/-/loose-envify-1.4.0.tgz",
            "integrity": "sha512-lyuxPGr/Wfhrlem2CL/UcnUc1zcqKAImBDzukY7Y5F/yQiNdko6+fRLevlw1HgMySw7f611UIY408EtxRSoK3Q==",
            "requires": {
                "js-tokens": "^3.0.0 || ^4.0.0"
            }
        },
        "ms": {
            "version": "2.1.2",
            "resolved": "https://registry.npmjs.org/ms/-/ms-2.1.2.tgz",
            "integrity": "sha512-sGkPx+VjMtmA6MX27oA4FBFELFCZZ4S4XqeGOXCv68tT+jb3vk/RyaKWP0PTKyWtmLSM0b+adUTEvbs1PEaH2w==",
            "dev": true
        },
        "nanoid": {
            "version": "3.3.6",
            "resolved": "https://registry.npmjs.org/nanoid/-/nanoid-3.3.6.tgz",
            "integrity": "sha512-BGcqMMJuToF7i1rt+2PWSNVnWIkGCU78jBG3RxO/bZlnZPK2Cmi2QaffxGO/2RvWi9sL+FAiRiXMgsyxQ1DIDA=="
        },
        "next": {
            "version": "13.3.4",
            "resolved": "https://registry.npmjs.org/next/-/next-13.3.4.tgz",
            "integrity": "sha512-sod7HeokBSvH5QV0KB+pXeLfcXUlLrGnVUXxHpmhilQ+nQYT3Im2O8DswD5e4uqbR8Pvdu9pcWgb1CbXZQZlmQ==",
            "requires": {
                "@next/env": "13.3.4",
                "@next/swc-darwin-arm64": "13.3.4",
                "@next/swc-darwin-x64": "13.3.4",
                "@next/swc-linux-arm64-gnu": "13.3.4",
                "@next/swc-linux-arm64-musl": "13.3.4",
                "@next/swc-linux-x64-gnu": "13.3.4",
                "@next/swc-linux-x64-musl": "13.3.4",
                "@next/swc-win32-arm64-msvc": "13.3.4",
                "@next/swc-win32-ia32-msvc": "13.3.4",
                "@next/swc-win32-x64-msvc": "13.3.4",
                "@swc/helpers": "0.5.1",
                "busboy": "1.6.0",
                "caniuse-lite": "^1.0.30001406",
                "postcss": "8.4.14",
                "styled-jsx": "5.1.1"
            }
        },
        "object-assign": {
            "version": "4.1.1",
            "resolved": "https://registry.npmjs.org/object-assign/-/object-assign-4.1.1.tgz",
            "integrity": "sha512-rJgTQnkUnH1sFw8yT6VSU3zD3sWmu6sZhIseY8VX+GRu3P6F7Fu+JNDoXfklElbLJSnc3FUQHVe4cU5hj+BcUg=="
        },
        "pend": {
            "version": "1.2.0",
            "resolved": "https://registry.npmjs.org/pend/-/pend-1.2.0.tgz",
            "integrity": "sha512-F3asv42UuXchdzt+xXqfW1OGlVBe+mxa2mqI0pg5yAHZPvFmY3Y6drSf/GQ1A86WgWEN9Kzh/WrgKa6iGcHXLg==",
            "dev": true
        },
        "picocolors": {
            "version": "1.0.0",
            "resolved": "https://registry.npmjs.org/picocolors/-/picocolors-1.0.0.tgz",
            "integrity": "sha512-1fygroTLlHu66zi26VoTDv8yRgm0Fccecssto+MhsZ0D/DGW2sm8E8AjW7NU5VVTRt5GxbeZ5qBuJr+HyLYkjQ=="
        },
        "postcss": {
            "version": "8.4.14",
            "resolved": "https://registry.npmjs.org/postcss/-/postcss-8.4.14.tgz",
            "integrity": "sha512-E398TUmfAYFPBSdzgeieK2Y1+1cpdxJx8yXbK/m57nRhKSmk1GB2tO4lbLBtlkfPQTDKfe4Xqv1ASWPpayPEig==",
            "requires": {
                "nanoid": "^3.3.4",
                "picocolors": "^1.0.0",
                "source-map-js": "^1.0.2"
            }
        },
        "prop-types": {
            "version": "15.8.1",
            "resolved": "https://registry.npmjs.org/prop-types/-/prop-types-15.8.1.tgz",
            "integrity": "sha512-oj87CgZICdulUohogVAR7AjlC0327U4el4L6eAvOqCeudMDVU0NThNaV+b9Df4dXgSP1gXMTnPdhfe/2qDH5cg==",
            "requires": {
                "loose-envify": "^1.4.0",
                "object-assign": "^4.1.1",
                "react-is": "^16.13.1"
            }
        },
        "react": {
            "version": "18.2.0",
            "resolved": "https://registry.npmjs.org/react/-/react-18.2.0.tgz",
            "integrity": "sha512-/3IjMdb2L9QbBdWiW5e3P2/npwMBaU9mHCSCUzNln0ZCYbcfTsGbTJrU/kGemdH2IWmB2ioZ+zkxtmq6g09fGQ==",
            "requires": {
                "loose-envify": "^1.1.0"
            }
        },
        "react-dom": {
            "version": "18.2.0",
            "resolved": "https://registry.npmjs.org/react-dom/-/react-dom-18.2.0.tgz",
            "integrity": "sha512-6IMTriUmvsjHUjNtEDudZfuDQUoWXVxKHhlEGSk81n4YFS+r/Kl99wXiwlVXtPBtJenozv2P+hxDsw9eA7Xo6g==",
            "requires": {
                "loose-envify": "^1.1.0",
                "scheduler": "^0.23.0"
            }
        },
        "react-is": {
            "version": "16.13.1",
            "resolved": "https://registry.npmjs.org/react-is/-/react-is-16.13.1.tgz",
            "integrity": "sha512-24e6ynE2H+OKt4kqsOvNd8kBpV65zoxbA4BVsEOB3ARVWQki/DHzaUoC5KuON/BiccDaCCTZBuOcfZs70kR8bQ=="
        },
        "scheduler": {
            "version": "0.23.0",
            "resolved": "https://registry.npmjs.org/scheduler/-/scheduler-0.23.0.tgz",
            "integrity": "sha512-CtuThmgHNg7zIZWAXi3AsyIzA3n4xx7aNyjwC2VJldO2LMVDhFK+63xGqq6CsJH4rTAt6/M+N4GhZiDYPx9eUw==",
            "requires": {
                "loose-envify": "^1.1.0"
            }
        },
        "sha1": {
            "version": "1.1.1",
            "resolved": "https://registry.npmjs.org/sha1/-/sha1-1.1.1.tgz",
            "integrity": "sha512-dZBS6OrMjtgVkopB1Gmo4RQCDKiZsqcpAQpkV/aaj+FCrCg8r4I4qMkDPQjBgLIxlmu9k4nUbWq6ohXahOneYA==",
            "requires": {
                "charenc": ">= 0.0.1",
                "crypt": ">= 0.0.1"
            }
        },
        "source-map-js": {
            "version": "1.0.2",
            "resolved": "https://registry.npmjs.org/source-map-js/-/source-map-js-1.0.2.tgz",
            "integrity": "sha512-R0XvVJ9WusLiqTCEiGCmICCMplcCkIwwR11mOSD9CR5u+IXYdiseeEuXCVAjS54zqwkLcPNnmU4OeJ6tUrWhDw=="
        },
        "streamsearch": {
            "version": "1.1.0",
            "resolved": "https://registry.npmjs.org/streamsearch/-/streamsearch-1.1.0.tgz",
            "integrity": "sha512-Mcc5wHehp9aXz1ax6bZUyY5afg9u2rv5cqQI3mRrYkGC8rW2hM02jWuwjtL++LS5qinSyhj2QfLyNsuc+VsExg=="
        },
        "styled-jsx": {
            "version": "5.1.1",
            "resolved": "https://registry.npmjs.org/styled-jsx/-/styled-jsx-5.1.1.tgz",
            "integrity": "sha512-pW7uC1l4mBZ8ugbiZrcIsiIvVx1UmTfw7UkC3Um2tmfUq9Bhk8IiyEIPl6F8agHgjzku6j0xQEZbfA5uSgSaCw==",
            "requires": {
                "client-only": "0.0.1"
            }
        },
        "tslib": {
            "version": "2.5.0",
            "resolved": "https://registry.npmjs.org/tslib/-/tslib-2.5.0.tgz",
            "integrity": "sha512-336iVw3rtn2BUK7ORdIAHTyxHGRIHVReokCR3XjbckJMK7ms8FysBfhLR8IXnAgy7T0PTPNBWKiH514FOW/WSg=="
        },
        "typescript": {
            "version": "5.0.4",
            "resolved": "https://registry.npmjs.org/typescript/-/typescript-5.0.4.tgz",
            "integrity": "sha512-cW9T5W9xY37cc+jfEnaUvX91foxtHkza3Nw3wkoF4sSlKn0MONdkdEndig/qPBWXNkmplh3NzayQzCiHM4/hqw=="
        },
        "uuid": {
            "version": "9.0.0",
            "resolved": "https://registry.npmjs.org/uuid/-/uuid-9.0.0.tgz",
            "integrity": "sha512-MXcSTerfPa4uqyzStbRoTgt5XIe3x5+42+q1sDuy3R5MDk66URdLMOZe5aPX/SQd+kuYAh0FdP/pO28IkQyTeg=="
        },
        "yauzl": {
            "version": "2.10.0",
            "resolved": "https://registry.npmjs.org/yauzl/-/yauzl-2.10.0.tgz",
            "integrity": "sha512-p4a9I6X6nu6IhoGmBqAcbJy1mlC4j27vEPZX9F4L4/vZT3Lyq1VkFHw/V/PUcB9Buo+DG3iHkT0x3Qya58zc3g==",
            "dev": true,
            "requires": {
                "buffer-crc32": "~0.2.3",
                "fd-slicer": "~1.1.0"
            }
        }
    }
}
